# @generated by Move, please check-in and do not edit manually.

[move]
version = 0
manifest_digest = "F278433B7A556F0D986CE72B87320A09AA4057BD527F1AEEF0A692C510A5E5EE"
deps_digest = "2AEB6052DE1685034DAE178E92B7556F8E04FBBBD465BC23A8B8D6D861539A44"

dependencies = [
  { name = "Pyth" },
  { name = "PythV1" },
  { name = "Sui" },
]

[[move.package]]
name = "MoveStdlib"
source = { git = "https://github.com/MystenLabs/sui.git", rev = "sui-v1.1.1", subdir = "crates/sui-framework/packages/move-stdlib" }

[[move.package]]
name = "Pyth"
source = { local = "../vendor/pyth" }

dependencies = [
  { name = "Sui" },
  { name = "Wormhole" },
]

[[move.package]]
name = "PythV1"
source = { local = "../vendor/pyth-v1" }

dependencies = [
  { name = "Sui" },
  { name = "Wormhole" },
]

[[move.package]]
name = "Sui"
source = { git = "https://github.com/MystenLabs/sui.git", rev = "sui-v1.1.1", subdir = "crates/sui-framework/packages/sui-framework" }

dependencies = [
  { name = "MoveStdlib" },
]

[[move.package]]
name = "Wormhole"
source = { local = "../vendor/wormhole" }

dependencies = [
  { name = "Sui" },
]
